
Microsoft Visual Studio Solution File, Format Version 12.00
# Visual Studio Version 16
VisualStudioVersion = 16.0.31515.178
MinimumVisualStudioVersion = 10.0.40219.1
Project("{FAE04EC0-301F-11D3-BF4B-00C04F79EFBC}") = "Proyecto4", "Proyecto4\Proyecto4.csproj", "{FE0B4359-CF2E-4ABC-AA65-ED3EF0685520}"
EndProject
Global
	GlobalSection(SolutionConfigurationPlatforms) = preSolution
		Debug|Any CPU = Debug|Any CPU
		Release|Any CPU = Release|Any CPU
	EndGlobalSection
	GlobalSection(ProjectConfigurationPlatforms) = postSolution
		{FE0B4359-CF2E-4ABC-AA65-ED3EF0685520}.Debug|Any CPU.ActiveCfg = Debug|Any CPU
		{FE0B4359-CF2E-4ABC-AA65-ED3EF0685520}.Debug|Any CPU.Build.0 = Debug|Any CPU
		{FE0B4359-CF2E-4ABC-AA65-ED3EF0685520}.Release|Any CPU.ActiveCfg = Release|Any CPU
		{FE0B4359-CF2E-4ABC-AA65-ED3EF0685520}.Release|Any CPU.Build.0 = Release|Any CPU
	EndGlobalSection
	GlobalSection(SolutionProperties) = preSolution
		HideSolutionNode = FALSE
	EndGlobalSection
	GlobalSection(ExtensibilityGlobals) = postSolution
		SolutionGuid = {6007B897-A4E2-4B10-BFE4-722E8A63EFB9}
	EndGlobalSection
EndGlobal
